
Microsoft Visual Studio Solution File, Format Version 12.00
# Visual Studio 15
VisualStudioVersion = 15.0.27009.1
MinimumVisualStudioVersion = 10.0.40219.1
Project("{FAE04EC0-301F-11D3-BF4B-00C04F79EFBC}") = "SharpRetry", "SharpRetry\SharpRetry.csproj", "{0C53A3D8-2BFD-4E87-BD11-AACD21A4ED94}"
EndProject
Project("{FAE04EC0-301F-11D3-BF4B-00C04F79EFBC}") = "SharpRetry.Tests", "SharpRetry.Tests\SharpRetry.Tests.csproj", "{9DAD793A-BBF6-4178-8E22-E5A36CA6B168}"
EndProject
Global
	GlobalSection(SolutionConfigurationPlatforms) = preSolution
		Debug|Any CPU = Debug|Any CPU
		Release|Any CPU = Release|Any CPU
	EndGlobalSection
	GlobalSection(ProjectConfigurationPlatforms) = postSolution
		{0C53A3D8-2BFD-4E87-BD11-AACD21A4ED94}.Debug|Any CPU.ActiveCfg = Debug|Any CPU
		{0C53A3D8-2BFD-4E87-BD11-AACD21A4ED94}.Debug|Any CPU.Build.0 = Debug|Any CPU
		{0C53A3D8-2BFD-4E87-BD11-AACD21A4ED94}.Release|Any CPU.ActiveCfg = Release|Any CPU
		{0C53A3D8-2BFD-4E87-BD11-AACD21A4ED94}.Release|Any CPU.Build.0 = Release|Any CPU
		{9DAD793A-BBF6-4178-8E22-E5A36CA6B168}.Debug|Any CPU.ActiveCfg = Debug|Any CPU
		{9DAD793A-BBF6-4178-8E22-E5A36CA6B168}.Debug|Any CPU.Build.0 = Debug|Any CPU
		{9DAD793A-BBF6-4178-8E22-E5A36CA6B168}.Release|Any CPU.ActiveCfg = Release|Any CPU
		{9DAD793A-BBF6-4178-8E22-E5A36CA6B168}.Release|Any CPU.Build.0 = Release|Any CPU
	EndGlobalSection
	GlobalSection(SolutionProperties) = preSolution
		HideSolutionNode = FALSE
	EndGlobalSection
	GlobalSection(ExtensibilityGlobals) = postSolution
		SolutionGuid = {0BD43BCF-296C-4589-A1C8-30794396C827}
	EndGlobalSection
EndGlobal
